{
  "name": "mask-extension-filter",
  "version": "0.0.0",
  "lockfileVersion": 3,
  "requires": true,
  "packages": {
    "": {
      "name": "mask-extension-filter",
      "version": "0.0.0",
      "dependencies": {
        "@deck.gl/core": "^9.0.29",
        "@deck.gl/extensions": "^9.0.29",
        "@deck.gl/layers": "^9.0.29",
        "@deck.gl/mapbox": "^9.0.29",
        "@loaders.gl/core": "^4.2.4",
        "@loaders.gl/csv": "^4.2.4",
        "@luma.gl/core": "~9.0.0",
        "@luma.gl/engine": "~9.0.0",
        "d3-dsv": "^3.0.1",
        "maplibre-gl": "^4.7.0"
      },
      "devDependencies": {
        "vite": "^5.4.1"
      }
    },
    "node_modules/@deck.gl/core": {
      "version": "9.0.29",
      "license": "MIT",
      "dependencies": {
        "@loaders.gl/core": "^4.2.0",
        "@loaders.gl/images": "^4.2.0",
        "@luma.gl/constants": "~9.0.27",
        "@luma.gl/core": "~9.0.27",
        "@luma.gl/engine": "~9.0.27",
        "@luma.gl/shadertools": "~9.0.27",
        "@luma.gl/webgl": "~9.0.27",
        "@math.gl/core": "^4.0.0",
        "@math.gl/sun": "^4.0.0",
        "@math.gl/web-mercator": "^4.0.0",
        "@probe.gl/env": "^4.0.9",
        "@probe.gl/log": "^4.0.9",
        "@probe.gl/stats": "^4.0.9",
        "@types/offscreencanvas": "^2019.6.4",
        "gl-matrix": "^3.0.0",
        "mjolnir.js": "^2.7.0"
      }
    },
    "node_modules/@deck.gl/extensions": {
      "version": "9.0.29",
      "license": "MIT",
      "dependencies": {
        "@luma.gl/constants": "~9.0.27",
        "@luma.gl/shadertools": "~9.0.27",
        "@math.gl/core": "^4.0.0"
      },
      "peerDependencies": {
        "@deck.gl/core": "^9.0.0",
        "@luma.gl/core": "~9.0.0",
        "@luma.gl/engine": "~9.0.0"
      }
    },
    "node_modules/@deck.gl/layers": {
      "version": "9.0.29",
      "license": "MIT",
      "dependencies": {
        "@loaders.gl/images": "^4.2.0",
        "@loaders.gl/schema": "^4.2.0",
        "@mapbox/tiny-sdf": "^2.0.5",
        "@math.gl/core": "^4.0.0",
        "@math.gl/polygon": "^4.0.0",
        "@math.gl/web-mercator": "^4.0.0",
        "earcut": "^2.2.4"
      },
      "peerDependencies": {
        "@deck.gl/core": "^9.0.0",
        "@loaders.gl/core": "^4.2.0",
        "@luma.gl/core": "~9.0.0",
        "@luma.gl/engine": "~9.0.0"
      }
    },
    "node_modules/@deck.gl/mapbox": {
      "version": "9.0.29",
      "license": "MIT",
      "dependencies": {
        "@luma.gl/constants": "~9.0.27",
        "@math.gl/web-mercator": "^4.0.0"
      },
      "peerDependencies": {
        "@deck.gl/core": "^9.0.0",
        "@luma.gl/core": "~9.0.0"
      }
    },
    "node_modules/@esbuild/win32-x64": {
      "version": "0.21.5",
      "cpu": [
        "x64"
      ],
      "dev": true,
      "license": "MIT",
      "optional": true,
      "os": [
        "win32"
      ],
      "engines": {
        "node": ">=12"
      }
    },
    "node_modules/@loaders.gl/core": {
      "version": "4.2.4",
      "license": "MIT",
      "dependencies": {
        "@loaders.gl/loader-utils": "4.2.4",
        "@loaders.gl/schema": "4.2.4",
        "@loaders.gl/worker-utils": "4.2.4",
        "@probe.gl/log": "^4.0.2"
      }
    },
    "node_modules/@loaders.gl/csv": {
      "version": "4.2.4",
      "license": "MIT",
      "dependencies": {
        "@loaders.gl/loader-utils": "4.2.4",
        "@loaders.gl/schema": "4.2.4"
      },
      "peerDependencies": {
        "@loaders.gl/core": "^4.0.0"
      }
    },
    "node_modules/@loaders.gl/images": {
      "version": "4.2.4",
      "license": "MIT",
      "dependencies": {
        "@loaders.gl/loader-utils": "4.2.4"
      },
      "peerDependencies": {
        "@loaders.gl/core": "^4.0.0"
      }
    },
    "node_modules/@loaders.gl/loader-utils": {
      "version": "4.2.4",
      "license": "MIT",
      "dependencies": {
        "@loaders.gl/schema": "4.2.4",
        "@loaders.gl/worker-utils": "4.2.4",
        "@probe.gl/stats": "^4.0.2"
      },
      "peerDependencies": {
        "@loaders.gl/core": "^4.0.0"
      }
    },
    "node_modules/@loaders.gl/schema": {
      "version": "4.2.4",
      "license": "MIT",
      "dependencies": {
        "@types/geojson": "^7946.0.7"
      },
      "peerDependencies": {
        "@loaders.gl/core": "^4.0.0"
      }
    },
    "node_modules/@loaders.gl/worker-utils": {
      "version": "4.2.4",
      "license": "MIT",
      "peerDependencies": {
        "@loaders.gl/core": "^4.0.0"
      }
    },
    "node_modules/@luma.gl/constants": {
      "version": "9.0.27",
      "license": "MIT"
    },
    "node_modules/@luma.gl/core": {
      "version": "9.0.27",
      "license": "MIT",
      "dependencies": {
        "@math.gl/types": "^4.0.0",
        "@probe.gl/env": "^4.0.2",
        "@probe.gl/log": "^4.0.2",
        "@probe.gl/stats": "^4.0.2",
        "@types/offscreencanvas": "^2019.6.4"
      }
    },
    "node_modules/@luma.gl/engine": {
      "version": "9.0.27",
      "license": "MIT",
      "dependencies": {
        "@luma.gl/shadertools": "9.0.27",
        "@math.gl/core": "^4.0.0",
        "@probe.gl/log": "^4.0.2",
        "@probe.gl/stats": "^4.0.2"
      },
      "peerDependencies": {
        "@luma.gl/core": "^9.0.0"
      }
    },
    "node_modules/@luma.gl/shadertools": {
      "version": "9.0.27",
      "license": "MIT",
      "dependencies": {
        "@math.gl/core": "^4.0.0",
        "@math.gl/types": "^4.0.0",
        "wgsl_reflect": "^1.0.1"
      },
      "peerDependencies": {
        "@luma.gl/core": "^9.0.0"
      }
    },
    "node_modules/@luma.gl/webgl": {
      "version": "9.0.27",
      "license": "MIT",
      "dependencies": {
        "@luma.gl/constants": "9.0.27",
        "@probe.gl/env": "^4.0.2"
      },
      "peerDependencies": {
        "@luma.gl/core": "^9.0.0"
      }
    },
    "node_modules/@mapbox/geojson-rewind": {
      "version": "0.5.2",
      "license": "ISC",
      "dependencies": {
        "get-stream": "^6.0.1",
        "minimist": "^1.2.6"
      },
      "bin": {
        "geojson-rewind": "geojson-rewind"
      }
    },
    "node_modules/@mapbox/jsonlint-lines-primitives": {
      "version": "2.0.2",
      "engines": {
        "node": ">= 0.6"
      }
    },
    "node_modules/@mapbox/point-geometry": {
      "version": "0.1.0",
      "license": "ISC"
    },
    "node_modules/@mapbox/tiny-sdf": {
      "version": "2.0.6",
      "license": "BSD-2-Clause"
    },
    "node_modules/@mapbox/unitbezier": {
      "version": "0.0.1",
      "license": "BSD-2-Clause"
    },
    "node_modules/@mapbox/vector-tile": {
      "version": "1.3.1",
      "license": "BSD-3-Clause",
      "dependencies": {
        "@mapbox/point-geometry": "~0.1.0"
      }
    },
    "node_modules/@mapbox/whoots-js": {
      "version": "3.1.0",
      "license": "ISC",
      "engines": {
        "node": ">=6.0.0"
      }
    },
    "node_modules/@maplibre/maplibre-gl-style-spec": {
      "version": "20.3.1",
      "license": "ISC",
      "dependencies": {
        "@mapbox/jsonlint-lines-primitives": "~2.0.2",
        "@mapbox/unitbezier": "^0.0.1",
        "json-stringify-pretty-compact": "^4.0.0",
        "minimist": "^1.2.8",
        "quickselect": "^2.0.0",
        "rw": "^1.3.3",
        "sort-object": "^3.0.3",
        "tinyqueue": "^3.0.0"
      },
      "bin": {
        "gl-style-format": "dist/gl-style-format.mjs",
        "gl-style-migrate": "dist/gl-style-migrate.mjs",
        "gl-style-validate": "dist/gl-style-validate.mjs"
      }
    },
    "node_modules/@maplibre/maplibre-gl-style-spec/node_modules/quickselect": {
      "version": "2.0.0",
      "license": "ISC"
    },
    "node_modules/@math.gl/core": {
      "version": "4.1.0",
      "license": "MIT",
      "dependencies": {
        "@math.gl/types": "4.1.0"
      }
    },
    "node_modules/@math.gl/polygon": {
      "version": "4.1.0",
      "license": "MIT",
      "dependencies": {
        "@math.gl/core": "4.1.0"
      }
    },
    "node_modules/@math.gl/sun": {
      "version": "4.1.0",
      "license": "MIT"
    },
    "node_modules/@math.gl/types": {
      "version": "4.1.0",
      "license": "MIT"
    },
    "node_modules/@math.gl/web-mercator": {
      "version": "4.1.0",
      "license": "MIT",
      "dependencies": {
        "@math.gl/core": "4.1.0"
      }
    },
    "node_modules/@probe.gl/env": {
      "version": "4.0.9",
      "license": "MIT"
    },
    "node_modules/@probe.gl/log": {
      "version": "4.0.9",
      "license": "MIT",
      "dependencies": {
        "@probe.gl/env": "4.0.9"
      }
    },
    "node_modules/@probe.gl/stats": {
      "version": "4.0.9",
      "license": "MIT"
    },
    "node_modules/@rollup/rollup-android-arm-eabi": {
      "version": "4.22.4",
      "resolved": "https://registry.npmjs.org/@rollup/rollup-android-arm-eabi/-/rollup-android-arm-eabi-4.22.4.tgz",
      "integrity": "sha512-Fxamp4aEZnfPOcGA8KSNEohV8hX7zVHOemC8jVBoBUHu5zpJK/Eu3uJwt6BMgy9fkvzxDaurgj96F/NiLukF2w==",
      "cpu": [
        "arm"
      ],
      "dev": true,
      "optional": true,
      "os": [
        "android"
      ]
    },
    "node_modules/@rollup/rollup-android-arm64": {
      "version": "4.22.4",
      "resolved": "https://registry.npmjs.org/@rollup/rollup-android-arm64/-/rollup-android-arm64-4.22.4.tgz",
      "integrity": "sha512-VXoK5UMrgECLYaMuGuVTOx5kcuap1Jm8g/M83RnCHBKOqvPPmROFJGQaZhGccnsFtfXQ3XYa4/jMCJvZnbJBdA==",
      "cpu": [
        "arm64"
      ],
      "dev": true,
      "optional": true,
      "os": [
        "android"
      ]
    },
    "node_modules/@rollup/rollup-darwin-arm64": {
      "version": "4.22.4",
      "resolved": "https://registry.npmjs.org/@rollup/rollup-darwin-arm64/-/rollup-darwin-arm64-4.22.4.tgz",
      "integrity": "sha512-xMM9ORBqu81jyMKCDP+SZDhnX2QEVQzTcC6G18KlTQEzWK8r/oNZtKuZaCcHhnsa6fEeOBionoyl5JsAbE/36Q==",
      "cpu": [
        "arm64"
      ],
      "dev": true,
      "optional": true,
      "os": [
        "darwin"
      ]
    },
    "node_modules/@rollup/rollup-darwin-x64": {
      "version": "4.22.4",
      "resolved": "https://registry.npmjs.org/@rollup/rollup-darwin-x64/-/rollup-darwin-x64-4.22.4.tgz",
      "integrity": "sha512-aJJyYKQwbHuhTUrjWjxEvGnNNBCnmpHDvrb8JFDbeSH3m2XdHcxDd3jthAzvmoI8w/kSjd2y0udT+4okADsZIw==",
      "cpu": [
        "x64"
      ],
      "dev": true,
      "optional": true,
      "os": [
        "darwin"
      ]
    },
    "node_modules/@rollup/rollup-linux-arm-gnueabihf": {
      "version": "4.22.4",
      "resolved": "https://registry.npmjs.org/@rollup/rollup-linux-arm-gnueabihf/-/rollup-linux-arm-gnueabihf-4.22.4.tgz",
      "integrity": "sha512-j63YtCIRAzbO+gC2L9dWXRh5BFetsv0j0va0Wi9epXDgU/XUi5dJKo4USTttVyK7fGw2nPWK0PbAvyliz50SCQ==",
      "cpu": [
        "arm"
      ],
      "dev": true,
      "optional": true,
      "os": [
        "linux"
      ]
    },
    "node_modules/@rollup/rollup-linux-arm-musleabihf": {
      "version": "4.22.4",
      "resolved": "https://registry.npmjs.org/@rollup/rollup-linux-arm-musleabihf/-/rollup-linux-arm-musleabihf-4.22.4.tgz",
      "integrity": "sha512-dJnWUgwWBX1YBRsuKKMOlXCzh2Wu1mlHzv20TpqEsfdZLb3WoJW2kIEsGwLkroYf24IrPAvOT/ZQ2OYMV6vlrg==",
      "cpu": [
        "arm"
      ],
      "dev": true,
      "optional": true,
      "os": [
        "linux"
      ]
    },
    "node_modules/@rollup/rollup-linux-arm64-gnu": {
      "version": "4.22.4",
      "resolved": "https://registry.npmjs.org/@rollup/rollup-linux-arm64-gnu/-/rollup-linux-arm64-gnu-4.22.4.tgz",
      "integrity": "sha512-AdPRoNi3NKVLolCN/Sp4F4N1d98c4SBnHMKoLuiG6RXgoZ4sllseuGioszumnPGmPM2O7qaAX/IJdeDU8f26Aw==",
      "cpu": [
        "arm64"
      ],
      "dev": true,
      "optional": true,
      "os": [
        "linux"
      ]
    },
    "node_modules/@rollup/rollup-linux-arm64-musl": {
      "version": "4.22.4",
      "resolved": "https://registry.npmjs.org/@rollup/rollup-linux-arm64-musl/-/rollup-linux-arm64-musl-4.22.4.tgz",
      "integrity": "sha512-Gl0AxBtDg8uoAn5CCqQDMqAx22Wx22pjDOjBdmG0VIWX3qUBHzYmOKh8KXHL4UpogfJ14G4wk16EQogF+v8hmA==",
      "cpu": [
        "arm64"
      ],
      "dev": true,
      "optional": true,
      "os": [
        "linux"
      ]
    },
    "node_modules/@rollup/rollup-linux-powerpc64le-gnu": {
      "version": "4.22.4",
      "resolved": "https://registry.npmjs.org/@rollup/rollup-linux-powerpc64le-gnu/-/rollup-linux-powerpc64le-gnu-4.22.4.tgz",
      "integrity": "sha512-3aVCK9xfWW1oGQpTsYJJPF6bfpWfhbRnhdlyhak2ZiyFLDaayz0EP5j9V1RVLAAxlmWKTDfS9wyRyY3hvhPoOg==",
      "cpu": [
        "ppc64"
      ],
      "dev": true,
      "optional": true,
      "os": [
        "linux"
      ]
    },
    "node_modules/@rollup/rollup-linux-riscv64-gnu": {
      "version": "4.22.4",
      "resolved": "https://registry.npmjs.org/@rollup/rollup-linux-riscv64-gnu/-/rollup-linux-riscv64-gnu-4.22.4.tgz",
      "integrity": "sha512-ePYIir6VYnhgv2C5Xe9u+ico4t8sZWXschR6fMgoPUK31yQu7hTEJb7bCqivHECwIClJfKgE7zYsh1qTP3WHUA==",
      "cpu": [
        "riscv64"
      ],
      "dev": true,
      "optional": true,
      "os": [
        "linux"
      ]
    },
    "node_modules/@rollup/rollup-linux-s390x-gnu": {
      "version": "4.22.4",
      "resolved": "https://registry.npmjs.org/@rollup/rollup-linux-s390x-gnu/-/rollup-linux-s390x-gnu-4.22.4.tgz",
      "integrity": "sha512-GqFJ9wLlbB9daxhVlrTe61vJtEY99/xB3C8e4ULVsVfflcpmR6c8UZXjtkMA6FhNONhj2eA5Tk9uAVw5orEs4Q==",
      "cpu": [
        "s390x"
      ],
      "dev": true,
      "optional": true,
      "os": [
        "linux"
      ]
    },
    "node_modules/@rollup/rollup-linux-x64-gnu": {
      "version": "4.22.4",
      "resolved": "https://registry.npmjs.org/@rollup/rollup-linux-x64-gnu/-/rollup-linux-x64-gnu-4.22.4.tgz",
      "integrity": "sha512-87v0ol2sH9GE3cLQLNEy0K/R0pz1nvg76o8M5nhMR0+Q+BBGLnb35P0fVz4CQxHYXaAOhE8HhlkaZfsdUOlHwg==",
      "cpu": [
        "x64"
      ],
      "dev": true,
      "optional": true,
      "os": [
        "linux"
      ]
    },
    "node_modules/@rollup/rollup-linux-x64-musl": {
      "version": "4.22.4",
      "resolved": "https://registry.npmjs.org/@rollup/rollup-linux-x64-musl/-/rollup-linux-x64-musl-4.22.4.tgz",
      "integrity": "sha512-UV6FZMUgePDZrFjrNGIWzDo/vABebuXBhJEqrHxrGiU6HikPy0Z3LfdtciIttEUQfuDdCn8fqh7wiFJjCNwO+g==",
      "cpu": [
        "x64"
      ],
      "dev": true,
      "optional": true,
      "os": [
        "linux"
      ]
    },
    "node_modules/@rollup/rollup-win32-arm64-msvc": {
      "version": "4.22.4",
      "resolved": "https://registry.npmjs.org/@rollup/rollup-win32-arm64-msvc/-/rollup-win32-arm64-msvc-4.22.4.tgz",
      "integrity": "sha512-BjI+NVVEGAXjGWYHz/vv0pBqfGoUH0IGZ0cICTn7kB9PyjrATSkX+8WkguNjWoj2qSr1im/+tTGRaY+4/PdcQw==",
      "cpu": [
        "arm64"
      ],
      "dev": true,
      "optional": true,
      "os": [
        "win32"
      ]
    },
    "node_modules/@rollup/rollup-win32-ia32-msvc": {
      "version": "4.22.4",
      "resolved": "https://registry.npmjs.org/@rollup/rollup-win32-ia32-msvc/-/rollup-win32-ia32-msvc-4.22.4.tgz",
      "integrity": "sha512-SiWG/1TuUdPvYmzmYnmd3IEifzR61Tragkbx9D3+R8mzQqDBz8v+BvZNDlkiTtI9T15KYZhP0ehn3Dld4n9J5g==",
      "cpu": [
        "ia32"
      ],
      "dev": true,
      "optional": true,
      "os": [
        "win32"
      ]
    },
    "node_modules/@rollup/rollup-win32-x64-msvc": {
      "version": "4.22.4",
      "resolved": "https://registry.npmjs.org/@rollup/rollup-win32-x64-msvc/-/rollup-win32-x64-msvc-4.22.4.tgz",
      "integrity": "sha512-j8pPKp53/lq9lMXN57S8cFz0MynJk8OWNuUnXct/9KCpKU7DgU3bYMJhwWmcqC0UU29p8Lr0/7KEVcaM6bf47Q==",
      "cpu": [
        "x64"
      ],
      "dev": true,
      "optional": true,
      "os": [
        "win32"
      ]
    },
    "node_modules/@types/estree": {
      "version": "1.0.5",
      "dev": true,
      "license": "MIT"
    },
    "node_modules/@types/geojson": {
      "version": "7946.0.14",
      "license": "MIT"
    },
    "node_modules/@types/geojson-vt": {
      "version": "3.2.5",
      "license": "MIT",
      "dependencies": {
        "@types/geojson": "*"
      }
    },
    "node_modules/@types/hammerjs": {
      "version": "2.0.45",
      "license": "MIT"
    },
    "node_modules/@types/mapbox__point-geometry": {
      "version": "0.1.4",
      "license": "MIT"
    },
    "node_modules/@types/mapbox__vector-tile": {
      "version": "1.3.4",
      "license": "MIT",
      "dependencies": {
        "@types/geojson": "*",
        "@types/mapbox__point-geometry": "*",
        "@types/pbf": "*"
      }
    },
    "node_modules/@types/offscreencanvas": {
      "version": "2019.7.3",
      "license": "MIT"
    },
    "node_modules/@types/pbf": {
      "version": "3.0.5",
      "license": "MIT"
    },
    "node_modules/@types/supercluster": {
      "version": "7.1.3",
      "license": "MIT",
      "dependencies": {
        "@types/geojson": "*"
      }
    },
    "node_modules/arr-union": {
      "version": "3.1.0",
      "license": "MIT",
      "engines": {
        "node": ">=0.10.0"
      }
    },
    "node_modules/assign-symbols": {
      "version": "1.0.0",
      "license": "MIT",
      "engines": {
        "node": ">=0.10.0"
      }
    },
    "node_modules/bytewise": {
      "version": "1.1.0",
      "license": "MIT",
      "dependencies": {
        "bytewise-core": "^1.2.2",
        "typewise": "^1.0.3"
      }
    },
    "node_modules/bytewise-core": {
      "version": "1.2.3",
      "license": "MIT",
      "dependencies": {
        "typewise-core": "^1.2"
      }
    },
    "node_modules/commander": {
      "version": "7.2.0",
      "license": "MIT",
      "engines": {
        "node": ">= 10"
      }
    },
    "node_modules/d3-dsv": {
      "version": "3.0.1",
      "license": "ISC",
      "dependencies": {
        "commander": "7",
        "iconv-lite": "0.6",
        "rw": "1"
      },
      "bin": {
        "csv2json": "bin/dsv2json.js",
        "csv2tsv": "bin/dsv2dsv.js",
        "dsv2dsv": "bin/dsv2dsv.js",
        "dsv2json": "bin/dsv2json.js",
        "json2csv": "bin/json2dsv.js",
        "json2dsv": "bin/json2dsv.js",
        "json2tsv": "bin/json2dsv.js",
        "tsv2csv": "bin/dsv2dsv.js",
        "tsv2json": "bin/dsv2json.js"
      },
      "engines": {
        "node": ">=12"
      }
    },
    "node_modules/earcut": {
      "version": "2.2.4",
      "license": "ISC"
    },
    "node_modules/esbuild": {
      "version": "0.21.5",
      "dev": true,
      "hasInstallScript": true,
      "license": "MIT",
      "bin": {
        "esbuild": "bin/esbuild"
      },
      "engines": {
        "node": ">=12"
      },
      "optionalDependencies": {
        "@esbuild/aix-ppc64": "0.21.5",
        "@esbuild/android-arm": "0.21.5",
        "@esbuild/android-arm64": "0.21.5",
        "@esbuild/android-x64": "0.21.5",
        "@esbuild/darwin-arm64": "0.21.5",
        "@esbuild/darwin-x64": "0.21.5",
        "@esbuild/freebsd-arm64": "0.21.5",
        "@esbuild/freebsd-x64": "0.21.5",
        "@esbuild/linux-arm": "0.21.5",
        "@esbuild/linux-arm64": "0.21.5",
        "@esbuild/linux-ia32": "0.21.5",
        "@esbuild/linux-loong64": "0.21.5",
        "@esbuild/linux-mips64el": "0.21.5",
        "@esbuild/linux-ppc64": "0.21.5",
        "@esbuild/linux-riscv64": "0.21.5",
        "@esbuild/linux-s390x": "0.21.5",
        "@esbuild/linux-x64": "0.21.5",
        "@esbuild/netbsd-x64": "0.21.5",
        "@esbuild/openbsd-x64": "0.21.5",
        "@esbuild/sunos-x64": "0.21.5",
        "@esbuild/win32-arm64": "0.21.5",
        "@esbuild/win32-ia32": "0.21.5",
        "@esbuild/win32-x64": "0.21.5"
      }
    },
    "node_modules/extend-shallow": {
      "version": "2.0.1",
      "license": "MIT",
      "dependencies": {
        "is-extendable": "^0.1.0"
      },
      "engines": {
        "node": ">=0.10.0"
      }
    },
    "node_modules/fsevents": {
      "version": "2.3.3",
      "resolved": "https://registry.npmjs.org/fsevents/-/fsevents-2.3.3.tgz",
      "integrity": "sha512-5xoDfX+fL7faATnagmWPpbFtwh/R77WmMMqqHGS65C3vvB0YHrgF+B1YmZ3441tMj5n63k0212XNoJwzlhffQw==",
      "dev": true,
      "hasInstallScript": true,
      "optional": true,
      "os": [
        "darwin"
      ],
      "engines": {
        "node": "^8.16.0 || ^10.6.0 || >=11.0.0"
      }
    },
    "node_modules/geojson-vt": {
      "version": "4.0.2",
      "license": "ISC"
    },
    "node_modules/get-stream": {
      "version": "6.0.1",
      "license": "MIT",
      "engines": {
        "node": ">=10"
      },
      "funding": {
        "url": "https://github.com/sponsors/sindresorhus"
      }
    },
    "node_modules/get-value": {
      "version": "2.0.6",
      "license": "MIT",
      "engines": {
        "node": ">=0.10.0"
      }
    },
    "node_modules/gl-matrix": {
      "version": "3.4.3",
      "license": "MIT"
    },
    "node_modules/global-prefix": {
      "version": "4.0.0",
      "license": "MIT",
      "dependencies": {
        "ini": "^4.1.3",
        "kind-of": "^6.0.3",
        "which": "^4.0.0"
      },
      "engines": {
        "node": ">=16"
      }
    },
    "node_modules/hammerjs": {
      "version": "2.0.8",
      "license": "MIT",
      "engines": {
        "node": ">=0.8.0"
      }
    },
    "node_modules/iconv-lite": {
      "version": "0.6.3",
      "license": "MIT",
      "dependencies": {
        "safer-buffer": ">= 2.1.2 < 3.0.0"
      },
      "engines": {
        "node": ">=0.10.0"
      }
    },
    "node_modules/ieee754": {
      "version": "1.2.1",
      "funding": [
        {
          "type": "github",
          "url": "https://github.com/sponsors/feross"
        },
        {
          "type": "patreon",
          "url": "https://www.patreon.com/feross"
        },
        {
          "type": "consulting",
          "url": "https://feross.org/support"
        }
      ],
      "license": "BSD-3-Clause"
    },
    "node_modules/ini": {
      "version": "4.1.3",
      "license": "ISC",
      "engines": {
        "node": "^14.17.0 || ^16.13.0 || >=18.0.0"
      }
    },
    "node_modules/is-extendable": {
      "version": "0.1.1",
      "license": "MIT",
      "engines": {
        "node": ">=0.10.0"
      }
    },
    "node_modules/is-plain-object": {
      "version": "2.0.4",
      "license": "MIT",
      "dependencies": {
        "isobject": "^3.0.1"
      },
      "engines": {
        "node": ">=0.10.0"
      }
    },
    "node_modules/isexe": {
      "version": "3.1.1",
      "license": "ISC",
      "engines": {
        "node": ">=16"
      }
    },
    "node_modules/isobject": {
      "version": "3.0.1",
      "license": "MIT",
      "engines": {
        "node": ">=0.10.0"
      }
    },
    "node_modules/json-stringify-pretty-compact": {
      "version": "4.0.0",
      "license": "MIT"
    },
    "node_modules/kdbush": {
      "version": "4.0.2",
      "license": "ISC"
    },
    "node_modules/kind-of": {
      "version": "6.0.3",
      "license": "MIT",
      "engines": {
        "node": ">=0.10.0"
      }
    },
    "node_modules/maplibre-gl": {
      "version": "4.7.0",
      "license": "BSD-3-Clause",
      "dependencies": {
        "@mapbox/geojson-rewind": "^0.5.2",
        "@mapbox/jsonlint-lines-primitives": "^2.0.2",
        "@mapbox/point-geometry": "^0.1.0",
        "@mapbox/tiny-sdf": "^2.0.6",
        "@mapbox/unitbezier": "^0.0.1",
        "@mapbox/vector-tile": "^1.3.1",
        "@mapbox/whoots-js": "^3.1.0",
        "@maplibre/maplibre-gl-style-spec": "^20.3.1",
        "@types/geojson": "^7946.0.14",
        "@types/geojson-vt": "3.2.5",
        "@types/mapbox__point-geometry": "^0.1.4",
        "@types/mapbox__vector-tile": "^1.3.4",
        "@types/pbf": "^3.0.5",
        "@types/supercluster": "^7.1.3",
        "earcut": "^3.0.0",
        "geojson-vt": "^4.0.2",
        "gl-matrix": "^3.4.3",
        "global-prefix": "^4.0.0",
        "kdbush": "^4.0.2",
        "murmurhash-js": "^1.0.0",
        "pbf": "^3.3.0",
        "potpack": "^2.0.0",
        "quickselect": "^3.0.0",
        "supercluster": "^8.0.1",
        "tinyqueue": "^3.0.0",
        "vt-pbf": "^3.1.3"
      },
      "engines": {
        "node": ">=16.14.0",
        "npm": ">=8.1.0"
      },
      "funding": {
        "url": "https://github.com/maplibre/maplibre-gl-js?sponsor=1"
      }
    },
    "node_modules/maplibre-gl/node_modules/earcut": {
      "version": "3.0.0",
      "license": "ISC"
    },
    "node_modules/minimist": {
      "version": "1.2.8",
      "license": "MIT",
      "funding": {
        "url": "https://github.com/sponsors/ljharb"
      }
    },
    "node_modules/mjolnir.js": {
      "version": "2.7.3",
      "license": "MIT",
      "dependencies": {
        "@types/hammerjs": "^2.0.41",
        "hammerjs": "^2.0.8"
      },
      "engines": {
        "node": ">= 4",
        "npm": ">= 3"
      }
    },
    "node_modules/murmurhash-js": {
      "version": "1.0.0",
      "license": "MIT"
    },
    "node_modules/nanoid": {
      "version": "3.3.7",
      "dev": true,
      "funding": [
        {
          "type": "github",
          "url": "https://github.com/sponsors/ai"
        }
      ],
      "license": "MIT",
      "bin": {
        "nanoid": "bin/nanoid.cjs"
      },
      "engines": {
        "node": "^10 || ^12 || ^13.7 || ^14 || >=15.0.1"
      }
    },
    "node_modules/pbf": {
      "version": "3.3.0",
      "license": "BSD-3-Clause",
      "dependencies": {
        "ieee754": "^1.1.12",
        "resolve-protobuf-schema": "^2.1.0"
      },
      "bin": {
        "pbf": "bin/pbf"
      }
    },
    "node_modules/picocolors": {
      "version": "1.1.0",
      "dev": true,
      "license": "ISC"
    },
    "node_modules/postcss": {
      "version": "8.4.47",
      "dev": true,
      "funding": [
        {
          "type": "opencollective",
          "url": "https://opencollective.com/postcss/"
        },
        {
          "type": "tidelift",
          "url": "https://tidelift.com/funding/github/npm/postcss"
        },
        {
          "type": "github",
          "url": "https://github.com/sponsors/ai"
        }
      ],
      "license": "MIT",
      "dependencies": {
        "nanoid": "^3.3.7",
        "picocolors": "^1.1.0",
        "source-map-js": "^1.2.1"
      },
      "engines": {
        "node": "^10 || ^12 || >=14"
      }
    },
    "node_modules/potpack": {
      "version": "2.0.0",
      "license": "ISC"
    },
    "node_modules/protocol-buffers-schema": {
      "version": "3.6.0",
      "license": "MIT"
    },
    "node_modules/quickselect": {
      "version": "3.0.0",
      "license": "ISC"
    },
    "node_modules/resolve-protobuf-schema": {
      "version": "2.1.0",
      "license": "MIT",
      "dependencies": {
        "protocol-buffers-schema": "^3.3.1"
      }
    },
    "node_modules/rollup": {
      "version": "4.22.4",
      "resolved": "https://registry.npmjs.org/rollup/-/rollup-4.22.4.tgz",
      "integrity": "sha512-vD8HJ5raRcWOyymsR6Z3o6+RzfEPCnVLMFJ6vRslO1jt4LO6dUo5Qnpg7y4RkZFM2DMe3WUirkI5c16onjrc6A==",
      "dev": true,
      "dependencies": {
        "@types/estree": "1.0.5"
      },
      "bin": {
        "rollup": "dist/bin/rollup"
      },
      "engines": {
        "node": ">=18.0.0",
        "npm": ">=8.0.0"
      },
      "optionalDependencies": {
        "@rollup/rollup-android-arm-eabi": "4.22.4",
        "@rollup/rollup-android-arm64": "4.22.4",
        "@rollup/rollup-darwin-arm64": "4.22.4",
        "@rollup/rollup-darwin-x64": "4.22.4",
        "@rollup/rollup-linux-arm-gnueabihf": "4.22.4",
        "@rollup/rollup-linux-arm-musleabihf": "4.22.4",
        "@rollup/rollup-linux-arm64-gnu": "4.22.4",
        "@rollup/rollup-linux-arm64-musl": "4.22.4",
        "@rollup/rollup-linux-powerpc64le-gnu": "4.22.4",
        "@rollup/rollup-linux-riscv64-gnu": "4.22.4",
        "@rollup/rollup-linux-s390x-gnu": "4.22.4",
        "@rollup/rollup-linux-x64-gnu": "4.22.4",
        "@rollup/rollup-linux-x64-musl": "4.22.4",
        "@rollup/rollup-win32-arm64-msvc": "4.22.4",
        "@rollup/rollup-win32-ia32-msvc": "4.22.4",
        "@rollup/rollup-win32-x64-msvc": "4.22.4",
        "fsevents": "~2.3.2"
      }
    },
    "node_modules/rw": {
      "version": "1.3.3",
      "license": "BSD-3-Clause"
    },
    "node_modules/safer-buffer": {
      "version": "2.1.2",
      "license": "MIT"
    },
    "node_modules/set-value": {
      "version": "2.0.1",
      "license": "MIT",
      "dependencies": {
        "extend-shallow": "^2.0.1",
        "is-extendable": "^0.1.1",
        "is-plain-object": "^2.0.3",
        "split-string": "^3.0.1"
      },
      "engines": {
        "node": ">=0.10.0"
      }
    },
    "node_modules/sort-asc": {
      "version": "0.2.0",
      "license": "MIT",
      "engines": {
        "node": ">=0.10.0"
      }
    },
    "node_modules/sort-desc": {
      "version": "0.2.0",
      "license": "MIT",
      "engines": {
        "node": ">=0.10.0"
      }
    },
    "node_modules/sort-object": {
      "version": "3.0.3",
      "license": "MIT",
      "dependencies": {
        "bytewise": "^1.1.0",
        "get-value": "^2.0.2",
        "is-extendable": "^0.1.1",
        "sort-asc": "^0.2.0",
        "sort-desc": "^0.2.0",
        "union-value": "^1.0.1"
      },
      "engines": {
        "node": ">=0.10.0"
      }
    },
    "node_modules/source-map-js": {
      "version": "1.2.1",
      "dev": true,
      "license": "BSD-3-Clause",
      "engines": {
        "node": ">=0.10.0"
      }
    },
    "node_modules/split-string": {
      "version": "3.1.0",
      "license": "MIT",
      "dependencies": {
        "extend-shallow": "^3.0.0"
      },
      "engines": {
        "node": ">=0.10.0"
      }
    },
    "node_modules/split-string/node_modules/extend-shallow": {
      "version": "3.0.2",
      "license": "MIT",
      "dependencies": {
        "assign-symbols": "^1.0.0",
        "is-extendable": "^1.0.1"
      },
      "engines": {
        "node": ">=0.10.0"
      }
    },
    "node_modules/split-string/node_modules/is-extendable": {
      "version": "1.0.1",
      "license": "MIT",
      "dependencies": {
        "is-plain-object": "^2.0.4"
      },
      "engines": {
        "node": ">=0.10.0"
      }
    },
    "node_modules/supercluster": {
      "version": "8.0.1",
      "license": "ISC",
      "dependencies": {
        "kdbush": "^4.0.2"
      }
    },
    "node_modules/tinyqueue": {
      "version": "3.0.0",
      "license": "ISC"
    },
    "node_modules/typewise": {
      "version": "1.0.3",
      "license": "MIT",
      "dependencies": {
        "typewise-core": "^1.2.0"
      }
    },
    "node_modules/typewise-core": {
      "version": "1.2.0",
      "license": "MIT"
    },
    "node_modules/union-value": {
      "version": "1.0.1",
      "license": "MIT",
      "dependencies": {
        "arr-union": "^3.1.0",
        "get-value": "^2.0.6",
        "is-extendable": "^0.1.1",
        "set-value": "^2.0.1"
      },
      "engines": {
        "node": ">=0.10.0"
      }
    },
    "node_modules/vite": {
      "version": "5.4.7",
      "dev": true,
      "license": "MIT",
      "dependencies": {
        "esbuild": "^0.21.3",
        "postcss": "^8.4.43",
        "rollup": "^4.20.0"
      },
      "bin": {
        "vite": "bin/vite.js"
      },
      "engines": {
        "node": "^18.0.0 || >=20.0.0"
      },
      "funding": {
        "url": "https://github.com/vitejs/vite?sponsor=1"
      },
      "optionalDependencies": {
        "fsevents": "~2.3.3"
      },
      "peerDependencies": {
        "@types/node": "^18.0.0 || >=20.0.0",
        "less": "*",
        "lightningcss": "^1.21.0",
        "sass": "*",
        "sass-embedded": "*",
        "stylus": "*",
        "sugarss": "*",
        "terser": "^5.4.0"
      },
      "peerDependenciesMeta": {
        "@types/node": {
          "optional": true
        },
        "less": {
          "optional": true
        },
        "lightningcss": {
          "optional": true
        },
        "sass": {
          "optional": true
        },
        "sass-embedded": {
          "optional": true
        },
        "stylus": {
          "optional": true
        },
        "sugarss": {
          "optional": true
        },
        "terser": {
          "optional": true
        }
      }
    },
    "node_modules/vt-pbf": {
      "version": "3.1.3",
      "license": "MIT",
      "dependencies": {
        "@mapbox/point-geometry": "0.1.0",
        "@mapbox/vector-tile": "^1.3.1",
        "pbf": "^3.2.1"
      }
    },
    "node_modules/wgsl_reflect": {
      "version": "1.0.12",
      "license": "MIT"
    },
    "node_modules/which": {
      "version": "4.0.0",
      "license": "ISC",
      "dependencies": {
        "isexe": "^3.1.1"
      },
      "bin": {
        "node-which": "bin/which.js"
      },
      "engines": {
        "node": "^16.13.0 || >=18.0.0"
      }
    }
  }
}
